{
  "name": "mini-cloud",
  "version": "1.0.0",
  "lockfileVersion": 1,
  "requires": true,
  "dependencies": {
    "miniprogram-recycle-view": {
      "version": "0.1.5",
      "resolved": "https://registry.npmmirror.com/miniprogram-recycle-view/-/miniprogram-recycle-view-0.1.5.tgz",
      "integrity": "sha512-Pfm/u+jfg+b5zDhjXqm7QbR9IuViqX8JyzcHDgr6Zw9wSK0wmbXNzscA1WoSnGP5Z2nG2TIqtiNXvEbvsyrxXA=="
    },
    "miniprogram-slide-view": {
      "version": "0.0.4",
      "resolved": "https://registry.npmmirror.com/miniprogram-slide-view/-/miniprogram-slide-view-0.0.4.tgz",
      "integrity": "sha512-OGE9a13pM297+ZzcbGFuE8QDzVgX4hZ75nPGw9yPmdjLXRMZUvEE3NA+RnRe1mQ1AnJNcf5BLRnJkEMPucYoTw=="
    }
  }
}
